
Microsoft Visual Studio Solution File, Format Version 12.00
# Visual Studio Version 17
VisualStudioVersion = 17.9.34616.47
MinimumVisualStudioVersion = 10.0.40219.1
Project("{9A19103F-16F7-4668-BE54-9A1E7A4F7556}") = "plor3_1", "plor3_1\plor3_1.csproj", "{2F4500A7-023A-4E21-AFE4-49EC256898B6}"
EndProject
Project("{9A19103F-16F7-4668-BE54-9A1E7A4F7556}") = "plor4_1", "plor4_1\plor4_1.csproj", "{C068E32A-269F-484A-AACE-6CD5BEB0468A}"
EndProject
Project("{9A19103F-16F7-4668-BE54-9A1E7A4F7556}") = "plor6", "plor6\plor6.csproj", "{AEC167A2-4409-46BC-90A7-D6CA785669AE}"
EndProject
Project("{FAE04EC0-301F-11D3-BF4B-00C04F79EFBC}") = "plor7", "plor7\plor7.csproj", "{F0A38649-B92C-4770-BCAD-BA7D5CB51E8C}"
EndProject
Global
	GlobalSection(SolutionConfigurationPlatforms) = preSolution
		Debug|Any CPU = Debug|Any CPU
		Release|Any CPU = Release|Any CPU
	EndGlobalSection
	GlobalSection(ProjectConfigurationPlatforms) = postSolution
		{2F4500A7-023A-4E21-AFE4-49EC256898B6}.Debug|Any CPU.ActiveCfg = Debug|Any CPU
		{2F4500A7-023A-4E21-AFE4-49EC256898B6}.Debug|Any CPU.Build.0 = Debug|Any CPU
		{2F4500A7-023A-4E21-AFE4-49EC256898B6}.Release|Any CPU.ActiveCfg = Release|Any CPU
		{2F4500A7-023A-4E21-AFE4-49EC256898B6}.Release|Any CPU.Build.0 = Release|Any CPU
		{C068E32A-269F-484A-AACE-6CD5BEB0468A}.Debug|Any CPU.ActiveCfg = Debug|Any CPU
		{C068E32A-269F-484A-AACE-6CD5BEB0468A}.Debug|Any CPU.Build.0 = Debug|Any CPU
		{C068E32A-269F-484A-AACE-6CD5BEB0468A}.Release|Any CPU.ActiveCfg = Release|Any CPU
		{C068E32A-269F-484A-AACE-6CD5BEB0468A}.Release|Any CPU.Build.0 = Release|Any CPU
		{AEC167A2-4409-46BC-90A7-D6CA785669AE}.Debug|Any CPU.ActiveCfg = Debug|Any CPU
		{AEC167A2-4409-46BC-90A7-D6CA785669AE}.Debug|Any CPU.Build.0 = Debug|Any CPU
		{AEC167A2-4409-46BC-90A7-D6CA785669AE}.Release|Any CPU.ActiveCfg = Release|Any CPU
		{AEC167A2-4409-46BC-90A7-D6CA785669AE}.Release|Any CPU.Build.0 = Release|Any CPU
		{F0A38649-B92C-4770-BCAD-BA7D5CB51E8C}.Debug|Any CPU.ActiveCfg = Debug|Any CPU
		{F0A38649-B92C-4770-BCAD-BA7D5CB51E8C}.Debug|Any CPU.Build.0 = Debug|Any CPU
		{F0A38649-B92C-4770-BCAD-BA7D5CB51E8C}.Release|Any CPU.ActiveCfg = Release|Any CPU
		{F0A38649-B92C-4770-BCAD-BA7D5CB51E8C}.Release|Any CPU.Build.0 = Release|Any CPU
	EndGlobalSection
	GlobalSection(SolutionProperties) = preSolution
		HideSolutionNode = FALSE
	EndGlobalSection
	GlobalSection(ExtensibilityGlobals) = postSolution
		SolutionGuid = {79BCF362-556F-4BB1-BBBF-CA2249ED9C60}
	EndGlobalSection
EndGlobal
